
Microsoft Visual Studio Solution File, Format Version 12.00
# Visual Studio Version 16
VisualStudioVersion = 16.0.30011.22
MinimumVisualStudioVersion = 10.0.40219.1
Project("{FAE04EC0-301F-11D3-BF4B-00C04F79EFBC}") = "SterrenbeeldService", "SterrenbeeldService\SterrenbeeldService.csproj", "{27839573-E934-4E38-9770-E5B5EA041D57}"
EndProject
Project("{FAE04EC0-301F-11D3-BF4B-00C04F79EFBC}") = "SterrenbeeldClient", "SterrenbeeldClient\SterrenbeeldClient.csproj", "{AC604C57-470E-4CFC-A4E1-5E1E468BE317}"
EndProject
Global
	GlobalSection(SolutionConfigurationPlatforms) = preSolution
		Debug|Any CPU = Debug|Any CPU
		Release|Any CPU = Release|Any CPU
	EndGlobalSection
	GlobalSection(ProjectConfigurationPlatforms) = postSolution
		{27839573-E934-4E38-9770-E5B5EA041D57}.Debug|Any CPU.ActiveCfg = Debug|Any CPU
		{27839573-E934-4E38-9770-E5B5EA041D57}.Debug|Any CPU.Build.0 = Debug|Any CPU
		{27839573-E934-4E38-9770-E5B5EA041D57}.Release|Any CPU.ActiveCfg = Release|Any CPU
		{27839573-E934-4E38-9770-E5B5EA041D57}.Release|Any CPU.Build.0 = Release|Any CPU
		{AC604C57-470E-4CFC-A4E1-5E1E468BE317}.Debug|Any CPU.ActiveCfg = Debug|Any CPU
		{AC604C57-470E-4CFC-A4E1-5E1E468BE317}.Debug|Any CPU.Build.0 = Debug|Any CPU
		{AC604C57-470E-4CFC-A4E1-5E1E468BE317}.Release|Any CPU.ActiveCfg = Release|Any CPU
		{AC604C57-470E-4CFC-A4E1-5E1E468BE317}.Release|Any CPU.Build.0 = Release|Any CPU
	EndGlobalSection
	GlobalSection(SolutionProperties) = preSolution
		HideSolutionNode = FALSE
	EndGlobalSection
	GlobalSection(ExtensibilityGlobals) = postSolution
		SolutionGuid = {30069472-C52B-4027-85F9-1B27004E948C}
	EndGlobalSection
EndGlobal
